
Microsoft Visual Studio Solution File, Format Version 12.00
# Visual Studio Version 17
VisualStudioVersion = 17.4.33213.308
MinimumVisualStudioVersion = 10.0.40219.1
Project("{FAE04EC0-301F-11D3-BF4B-00C04F79EFBC}") = "DLujoStore.Android", "DLujoStore\DLujoStore.Android\DLujoStore.Android.csproj", "{70267232-08D2-4A93-BF18-258C47A8E686}"
EndProject
Project("{FAE04EC0-301F-11D3-BF4B-00C04F79EFBC}") = "DLujoStore", "DLujoStore\DLujoStore\DLujoStore.csproj", "{BAE55DA0-89E5-44AE-A0C8-CD7FD35B6236}"
EndProject
Global
	GlobalSection(SolutionConfigurationPlatforms) = preSolution
		Debug|Any CPU = Debug|Any CPU
		Release|Any CPU = Release|Any CPU
	EndGlobalSection
	GlobalSection(ProjectConfigurationPlatforms) = postSolution
		{70267232-08D2-4A93-BF18-258C47A8E686}.Debug|Any CPU.ActiveCfg = Debug|Any CPU
		{70267232-08D2-4A93-BF18-258C47A8E686}.Debug|Any CPU.Build.0 = Debug|Any CPU
		{70267232-08D2-4A93-BF18-258C47A8E686}.Debug|Any CPU.Deploy.0 = Debug|Any CPU
		{70267232-08D2-4A93-BF18-258C47A8E686}.Release|Any CPU.ActiveCfg = Release|Any CPU
		{70267232-08D2-4A93-BF18-258C47A8E686}.Release|Any CPU.Build.0 = Release|Any CPU
		{70267232-08D2-4A93-BF18-258C47A8E686}.Release|Any CPU.Deploy.0 = Release|Any CPU
		{BAE55DA0-89E5-44AE-A0C8-CD7FD35B6236}.Debug|Any CPU.ActiveCfg = Debug|Any CPU
		{BAE55DA0-89E5-44AE-A0C8-CD7FD35B6236}.Debug|Any CPU.Build.0 = Debug|Any CPU
		{BAE55DA0-89E5-44AE-A0C8-CD7FD35B6236}.Debug|Any CPU.Deploy.0 = Debug|Any CPU
		{BAE55DA0-89E5-44AE-A0C8-CD7FD35B6236}.Release|Any CPU.ActiveCfg = Release|Any CPU
		{BAE55DA0-89E5-44AE-A0C8-CD7FD35B6236}.Release|Any CPU.Build.0 = Release|Any CPU
		{BAE55DA0-89E5-44AE-A0C8-CD7FD35B6236}.Release|Any CPU.Deploy.0 = Release|Any CPU
	EndGlobalSection
	GlobalSection(SolutionProperties) = preSolution
		HideSolutionNode = FALSE
	EndGlobalSection
	GlobalSection(ExtensibilityGlobals) = postSolution
		SolutionGuid = {2E900369-D07B-431C-9C7D-CB69BC54E86F}
	EndGlobalSection
EndGlobal
